// !$*UTF8*$!
{
	archiveVersion = 1;
	classes = {
	};
	objectVersion = 48;
	objects = {

/* Begin PBXBuildFile section */
		1C1970EEC8C71C8E6C5FFF56 /* Pods_Menu_NavigationUITests.framework in Frameworks */ = {isa = PBXBuildFile; fileRef = EAD32D19C63FD408BE55B377 /* Pods_Menu_NavigationUITests.framework */; };
		8ED15FB8AC55DE87D04997EA /* Pods_Menu_NavigationTests.framework in Frameworks */ = {isa = PBXBuildFile; fileRef = A6C116D0A7BC802EB2732387 /* Pods_Menu_NavigationTests.framework */; };
		D5335F2C88EEAEB7ECF27F95 /* Pods_Menu_Navigation.framework in Frameworks */ = {isa = PBXBuildFile; fileRef = 9CE7156DFD4F4EF2E541BE59 /* Pods_Menu_Navigation.framework */; };
		EDCDAE831FD68DFF003ED053 /* AppDelegate.swift in Sources */ = {isa = PBXBuildFile; fileRef = EDCDAE821FD68DFF003ED053 /* AppDelegate.swift */; };
		EDCDAE851FD68DFF003ED053 /* MenuNavigationController.swift in Sources */ = {isa = PBXBuildFile; fileRef = EDCDAE841FD68DFF003ED053 /* MenuNavigationController.swift */; };
		EDCDAE881FD68DFF003ED053 /* Main.storyboard in Resources */ = {isa = PBXBuildFile; fileRef = EDCDAE861FD68DFF003ED053 /* Main.storyboard */; };
		EDCDAE8A1FD68DFF003ED053 /* Assets.xcassets in Resources */ = {isa = PBXBuildFile; fileRef = EDCDAE891FD68DFF003ED053 /* Assets.xcassets */; };
		EDCDAE8D1FD68DFF003ED053 /* LaunchScreen.storyboard in Resources */ = {isa = PBXBuildFile; fileRef = EDCDAE8B1FD68DFF003ED053 /* LaunchScreen.storyboard */; };
/* End PBXBuildFile section */

/* Begin PBXContainerItemProxy section */
		EDCDAE941FD68DFF003ED053 /* PBXContainerItemProxy */ = {
			isa = PBXContainerItemProxy;
			containerPortal = EDCDAE771FD68DFF003ED053 /* Project object */;
			proxyType = 1;
			remoteGlobalIDString = EDCDAE7E1FD68DFF003ED053;
			remoteInfo = "Menu-Navigation";
		};
		EDCDAE9F1FD68DFF003ED053 /* PBXContainerItemProxy */ = {
			isa = PBXContainerItemProxy;
			containerPortal = EDCDAE771FD68DFF003ED053 /* Project object */;
			proxyType = 1;
			remoteGlobalIDString = EDCDAE7E1FD68DFF003ED053;
			remoteInfo = "Menu-Navigation";
		};
/* End PBXContainerItemProxy section */

/* Begin PBXFileReference section */
		2C336D7F3B99A7753D5F2C78 /* Pods-Menu-Navigation.release.xcconfig */ = {isa = PBXFileReference; includeInIndex = 1; lastKnownFileType = text.xcconfig; name = "Pods-Menu-Navigation.release.xcconfig"; path = "Pods/Target Support Files/Pods-Menu-Navigation/Pods-Menu-Navigation.release.xcconfig"; sourceTree = "<group>"; };
		614DFE227F5A5C24AE07D104 /* Pods-Menu-NavigationUITests.debug.xcconfig */ = {isa = PBXFileReference; includeInIndex = 1; lastKnownFileType = text.xcconfig; name = "Pods-Menu-NavigationUITests.debug.xcconfig"; path = "Pods/Target Support Files/Pods-Menu-NavigationUITests/Pods-Menu-NavigationUITests.debug.xcconfig"; sourceTree = "<group>"; };
		83A4567B4CFC881FB0DFFFF6 /* Pods-Menu-NavigationTests.debug.xcconfig */ = {isa = PBXFileReference; includeInIndex = 1; lastKnownFileType = text.xcconfig; name = "Pods-Menu-NavigationTests.debug.xcconfig"; path = "Pods/Target Support Files/Pods-Menu-NavigationTests/Pods-Menu-NavigationTests.debug.xcconfig"; sourceTree = "<group>"; };
		96CA3B2C63D1CDEF001A0B5D /* Pods-Menu-Navigation.debug.xcconfig */ = {isa = PBXFileReference; includeInIndex = 1; lastKnownFileType = text.xcconfig; name = "Pods-Menu-Navigation.debug.xcconfig"; path = "Pods/Target Support Files/Pods-Menu-Navigation/Pods-Menu-Navigation.debug.xcconfig"; sourceTree = "<group>"; };
		99A14072D780EAF4AE9BF478 /* Pods-Menu-NavigationTests.release.xcconfig */ = {isa = PBXFileReference; includeInIndex = 1; lastKnownFileType = text.xcconfig; name = "Pods-Menu-NavigationTests.release.xcconfig"; path = "Pods/Target Support Files/Pods-Menu-NavigationTests/Pods-Menu-NavigationTests.release.xcconfig"; sourceTree = "<group>"; };
		9CE7156DFD4F4EF2E541BE59 /* Pods_Menu_Navigation.framework */ = {isa = PBXFileReference; explicitFileType = wrapper.framework; includeInIndex = 0; path = Pods_Menu_Navigation.framework; sourceTree = BUILT_PRODUCTS_DIR; };
		A6C116D0A7BC802EB2732387 /* Pods_Menu_NavigationTests.framework */ = {isa = PBXFileReference; explicitFileType = wrapper.framework; includeInIndex = 0; path = Pods_Menu_NavigationTests.framework; sourceTree = BUILT_PRODUCTS_DIR; };
		EAD32D19C63FD408BE55B377 /* Pods_Menu_NavigationUITests.framework */ = {isa = PBXFileReference; explicitFileType = wrapper.framework; includeInIndex = 0; path = Pods_Menu_NavigationUITests.framework; sourceTree = BUILT_PRODUCTS_DIR; };
		EDCDAE7F1FD68DFF003ED053 /* Menu-Navigation.app */ = {isa = PBXFileReference; explicitFileType = wrapper.application; includeInIndex = 0; path = "Menu-Navigation.app"; sourceTree = BUILT_PRODUCTS_DIR; };
		EDCDAE821FD68DFF003ED053 /* AppDelegate.swift */ = {isa = PBXFileReference; lastKnownFileType = sourcecode.swift; path = AppDelegate.swift; sourceTree = "<group>"; };
		EDCDAE841FD68DFF003ED053 /* MenuNavigationController.swift */ = {isa = PBXFileReference; lastKnownFileType = sourcecode.swift; path = MenuNavigationController.swift; sourceTree = "<group>"; };
		EDCDAE871FD68DFF003ED053 /* Base */ = {isa = PBXFileReference; lastKnownFileType = file.storyboard; name = Base; path = Base.lproj/Main.storyboard; sourceTree = "<group>"; };
		EDCDAE891FD68DFF003ED053 /* Assets.xcassets */ = {isa = PBXFileReference; lastKnownFileType = folder.assetcatalog; path = Assets.xcassets; sourceTree = "<group>"; };
		EDCDAE8C1FD68DFF003ED053 /* Base */ = {isa = PBXFileReference; lastKnownFileType = file.storyboard; name = Base; path = Base.lproj/LaunchScreen.storyboard; sourceTree = "<group>"; };
		EDCDAE8E1FD68DFF003ED053 /* Info.plist */ = {isa = PBXFileReference; lastKnownFileType = text.plist.xml; path = Info.plist; sourceTree = "<group>"; };
		EDCDAE931FD68DFF003ED053 /* Menu-NavigationTests.xctest */ = {isa = PBXFileReference; explicitFileType = wrapper.cfbundle; includeInIndex = 0; path = "Menu-NavigationTests.xctest"; sourceTree = BUILT_PRODUCTS_DIR; };
		EDCDAE991FD68DFF003ED053 /* Info.plist */ = {isa = PBXFileReference; lastKnownFileType = text.plist.xml; path = Info.plist; sourceTree = "<group>"; };
		EDCDAE9E1FD68DFF003ED053 /* Menu-NavigationUITests.xctest */ = {isa = PBXFileReference; explicitFileType = wrapper.cfbundle; includeInIndex = 0; path = "Menu-NavigationUITests.xctest"; sourceTree = BUILT_PRODUCTS_DIR; };
		EDCDAEA41FD68DFF003ED053 /* Info.plist */ = {isa = PBXFileReference; lastKnownFileType = text.plist.xml; path = Info.plist; sourceTree = "<group>"; };
		EDDD5249A031771A1F64A8E0 /* Pods-Menu-NavigationUITests.release.xcconfig */ = {isa = PBXFileReference; includeInIndex = 1; lastKnownFileType = text.xcconfig; name = "Pods-Menu-NavigationUITests.release.xcconfig"; path = "Pods/Target Support Files/Pods-Menu-NavigationUITests/Pods-Menu-NavigationUITests.release.xcconfig"; sourceTree = "<group>"; };
/* End PBXFileReference section */

/* Begin PBXFrameworksBuildPhase section */
		EDCDAE7C1FD68DFF003ED053 /* Frameworks */ = {
			isa = PBXFrameworksBuildPhase;
			buildActionMask = 2147483647;
			files = (
				D5335F2C88EEAEB7ECF27F95 /* Pods_Menu_Navigation.framework in Frameworks */,
			);
			runOnlyForDeploymentPostprocessing = 0;
		};
		EDCDAE901FD68DFF003ED053 /* Frameworks */ = {
			isa = PBXFrameworksBuildPhase;
			buildActionMask = 2147483647;
			files = (
				8ED15FB8AC55DE87D04997EA /* Pods_Menu_NavigationTests.framework in Frameworks */,
			);
			runOnlyForDeploymentPostprocessing = 0;
		};
		EDCDAE9B1FD68DFF003ED053 /* Frameworks */ = {
			isa = PBXFrameworksBuildPhase;
			buildActionMask = 2147483647;
			files = (
				1C1970EEC8C71C8E6C5FFF56 /* Pods_Menu_NavigationUITests.framework in Frameworks */,
			);
			runOnlyForDeploymentPostprocessing = 0;
		};
/* End PBXFrameworksBuildPhase section */

/* Begin PBXGroup section */
		99E153C76824BDB75741EEE4 /* Frameworks */ = {
			isa = PBXGroup;
			children = (
				9CE7156DFD4F4EF2E541BE59 /* Pods_Menu_Navigation.framework */,
				A6C116D0A7BC802EB2732387 /* Pods_Menu_NavigationTests.framework */,
				EAD32D19C63FD408BE55B377 /* Pods_Menu_NavigationUITests.framework */,
			);
			name = Frameworks;
			sourceTree = "<group>";
		};
		DD3F02DD53CB59678A3CC648 /* Pods */ = {
			isa = PBXGroup;
			children = (
				96CA3B2C63D1CDEF001A0B5D /* Pods-Menu-Navigation.debug.xcconfig */,
				2C336D7F3B99A7753D5F2C78 /* Pods-Menu-Navigation.release.xcconfig */,
				83A4567B4CFC881FB0DFFFF6 /* Pods-Menu-NavigationTests.debug.xcconfig */,
				99A14072D780EAF4AE9BF478 /* Pods-Menu-NavigationTests.release.xcconfig */,
				614DFE227F5A5C24AE07D104 /* Pods-Menu-NavigationUITests.debug.xcconfig */,
				EDDD5249A031771A1F64A8E0 /* Pods-Menu-NavigationUITests.release.xcconfig */,
			);
			name = Pods;
			sourceTree = "<group>";
		};
		EDCDAE761FD68DFF003ED053 = {
			isa = PBXGroup;
			children = (
				EDCDAE811FD68DFF003ED053 /* Menu-Navigation */,
				EDCDAE961FD68DFF003ED053 /* Menu-NavigationTests */,
				EDCDAEA11FD68DFF003ED053 /* Menu-NavigationUITests */,
				EDCDAE801FD68DFF003ED053 /* Products */,
				DD3F02DD53CB59678A3CC648 /* Pods */,
				99E153C76824BDB75741EEE4 /* Frameworks */,
			);
			sourceTree = "<group>";
		};
		EDCDAE801FD68DFF003ED053 /* Products */ = {
			isa = PBXGroup;
			children = (
				EDCDAE7F1FD68DFF003ED053 /* Menu-Navigation.app */,
				EDCDAE931FD68DFF003ED053 /* Menu-NavigationTests.xctest */,
				EDCDAE9E1FD68DFF003ED053 /* Menu-NavigationUITests.xctest */,
			);
			name = Products;
			sourceTree = "<group>";
		};
		EDCDAE811FD68DFF003ED053 /* Menu-Navigation */ = {
			isa = PBXGroup;
			children = (
				EDCDAE821FD68DFF003ED053 /* AppDelegate.swift */,
				EDCDAE841FD68DFF003ED053 /* MenuNavigationController.swift */,
				EDCDAE861FD68DFF003ED053 /* Main.storyboard */,
				EDCDAE891FD68DFF003ED053 /* Assets.xcassets */,
				EDCDAE8B1FD68DFF003ED053 /* LaunchScreen.storyboard */,
				EDCDAE8E1FD68DFF003ED053 /* Info.plist */,
			);
			path = "Menu-Navigation";
			sourceTree = "<group>";
		};
		EDCDAE961FD68DFF003ED053 /* Menu-NavigationTests */ = {
			isa = PBXGroup;
			children = (
				EDCDAE991FD68DFF003ED053 /* Info.plist */,
			);
			path = "Menu-NavigationTests";
			sourceTree = "<group>";
		};
		EDCDAEA11FD68DFF003ED053 /* Menu-NavigationUITests */ = {
			isa = PBXGroup;
			children = (
				EDCDAEA41FD68DFF003ED053 /* Info.plist */,
			);
			path = "Menu-NavigationUITests";
			sourceTree = "<group>";
		};
/* End PBXGroup section */

/* Begin PBXNativeTarget section */
		EDCDAE7E1FD68DFF003ED053 /* Menu-Navigation */ = {
			isa = PBXNativeTarget;
			buildConfigurationList = EDCDAEA71FD68DFF003ED053 /* Build configuration list for PBXNativeTarget "Menu-Navigation" */;
			buildPhases = (
				DC10928566FC047EDDB2A884 /* [CP] Check Pods Manifest.lock */,
				EDCDAE7B1FD68DFF003ED053 /* Sources */,
				EDCDAE7C1FD68DFF003ED053 /* Frameworks */,
				EDCDAE7D1FD68DFF003ED053 /* Resources */,
				138DA29A0E9A992824D33510 /* [CP] Embed Pods Frameworks */,
				3A90C70266F9785A5E096F0E /* [CP] Copy Pods Resources */,
				ED88EAC21FD69C4C00693F7A /* SwiftLint Run Script */,
			);
			buildRules = (
			);
			dependencies = (
			);
			name = "Menu-Navigation";
			productName = "Menu-Navigation";
			productReference = EDCDAE7F1FD68DFF003ED053 /* Menu-Navigation.app */;
			productType = "com.apple.product-type.application";
		};
		EDCDAE921FD68DFF003ED053 /* Menu-NavigationTests */ = {
			isa = PBXNativeTarget;
			buildConfigurationList = EDCDAEAA1FD68DFF003ED053 /* Build configuration list for PBXNativeTarget "Menu-NavigationTests" */;
			buildPhases = (
				CF236D62BEB6605C5148E654 /* [CP] Check Pods Manifest.lock */,
				EDCDAE8F1FD68DFF003ED053 /* Sources */,
				EDCDAE901FD68DFF003ED053 /* Frameworks */,
				EDCDAE911FD68DFF003ED053 /* Resources */,
				64C9EAF4EDA8A5349C520F77 /* [CP] Embed Pods Frameworks */,
				14B1E93F7E8F6682CAD08B3B /* [CP] Copy Pods Resources */,
			);
			buildRules = (
			);
			dependencies = (
				EDCDAE951FD68DFF003ED053 /* PBXTargetDependency */,
			);
			name = "Menu-NavigationTests";
			productName = "Menu-NavigationTests";
			productReference = EDCDAE931FD68DFF003ED053 /* Menu-NavigationTests.xctest */;
			productType = "com.apple.product-type.bundle.unit-test";
		};
		EDCDAE9D1FD68DFF003ED053 /* Menu-NavigationUITests */ = {
			isa = PBXNativeTarget;
			buildConfigurationList = EDCDAEAD1FD68DFF003ED053 /* Build configuration list for PBXNativeTarget "Menu-NavigationUITests" */;
			buildPhases = (
				60CBD1D0E8956C35A016513C /* [CP] Check Pods Manifest.lock */,
				EDCDAE9A1FD68DFF003ED053 /* Sources */,
				EDCDAE9B1FD68DFF003ED053 /* Frameworks */,
				EDCDAE9C1FD68DFF003ED053 /* Resources */,
				3ECF7AE494C5548A52D26CDB /* [CP] Embed Pods Frameworks */,
				E28CA37D1AAD1045C14704C2 /* [CP] Copy Pods Resources */,
			);
			buildRules = (
			);
			dependencies = (
				EDCDAEA01FD68DFF003ED053 /* PBXTargetDependency */,
			);
			name = "Menu-NavigationUITests";
			productName = "Menu-NavigationUITests";
			productReference = EDCDAE9E1FD68DFF003ED053 /* Menu-NavigationUITests.xctest */;
			productType = "com.apple.product-type.bundle.ui-testing";
		};
/* End PBXNativeTarget section */

/* Begin PBXProject section */
		EDCDAE771FD68DFF003ED053 /* Project object */ = {
			isa = PBXProject;
			attributes = {
				LastSwiftUpdateCheck = 0900;
				LastUpgradeCheck = 0900;
				ORGANIZATIONNAME = dvt;
				TargetAttributes = {
					EDCDAE7E1FD68DFF003ED053 = {
						CreatedOnToolsVersion = 9.0.1;
						ProvisioningStyle = Automatic;
					};
					EDCDAE921FD68DFF003ED053 = {
						CreatedOnToolsVersion = 9.0.1;
						ProvisioningStyle = Automatic;
						TestTargetID = EDCDAE7E1FD68DFF003ED053;
					};
					EDCDAE9D1FD68DFF003ED053 = {
						CreatedOnToolsVersion = 9.0.1;
						ProvisioningStyle = Automatic;
						TestTargetID = EDCDAE7E1FD68DFF003ED053;
					};
				};
			};
			buildConfigurationList = EDCDAE7A1FD68DFF003ED053 /* Build configuration list for PBXProject "Menu-Navigation" */;
			compatibilityVersion = "Xcode 8.0";
			developmentRegion = en;
			hasScannedForEncodings = 0;
			knownRegions = (
				en,
				Base,
			);
			mainGroup = EDCDAE761FD68DFF003ED053;
			productRefGroup = EDCDAE801FD68DFF003ED053 /* Products */;
			projectDirPath = "";
			projectRoot = "";
			targets = (
				EDCDAE7E1FD68DFF003ED053 /* Menu-Navigation */,
				EDCDAE921FD68DFF003ED053 /* Menu-NavigationTests */,
				EDCDAE9D1FD68DFF003ED053 /* Menu-NavigationUITests */,
			);
		};
/* End PBXProject section */

/* Begin PBXResourcesBuildPhase section */
		EDCDAE7D1FD68DFF003ED053 /* Resources */ = {
			isa = PBXResourcesBuildPhase;
			buildActionMask = 2147483647;
			files = (
				EDCDAE8D1FD68DFF003ED053 /* LaunchScreen.storyboard in Resources */,
				EDCDAE8A1FD68DFF003ED053 /* Assets.xcassets in Resources */,
				EDCDAE881FD68DFF003ED053 /* Main.storyboard in Resources */,
			);
			runOnlyForDeploymentPostprocessing = 0;
		};
		EDCDAE911FD68DFF003ED053 /* Resources */ = {
			isa = PBXResourcesBuildPhase;
			buildActionMask = 2147483647;
			files = (
			);
			runOnlyForDeploymentPostprocessing = 0;
		};
		EDCDAE9C1FD68DFF003ED053 /* Resources */ = {
			isa = PBXResourcesBuildPhase;
			buildActionMask = 2147483647;
			files = (
			);
			runOnlyForDeploymentPostprocessing = 0;
		};
/* End PBXResourcesBuildPhase section */

/* Begin PBXShellScriptBuildPhase section */
		138DA29A0E9A992824D33510 /* [CP] Embed Pods Frameworks */ = {
			isa = PBXShellScriptBuildPhase;
			buildActionMask = 2147483647;
			files = (
			);
			inputPaths = (
			);
			name = "[CP] Embed Pods Frameworks";
			outputPaths = (
			);
			runOnlyForDeploymentPostprocessing = 0;
			shellPath = /bin/sh;
			shellScript = "\"${SRCROOT}/Pods/Target Support Files/Pods-Menu-Navigation/Pods-Menu-Navigation-frameworks.sh\"\n";
			showEnvVarsInLog = 0;
		};
		14B1E93F7E8F6682CAD08B3B /* [CP] Copy Pods Resources */ = {
			isa = PBXShellScriptBuildPhase;
			buildActionMask = 2147483647;
			files = (
			);
			inputPaths = (
			);
			name = "[CP] Copy Pods Resources";
			outputPaths = (
			);
			runOnlyForDeploymentPostprocessing = 0;
			shellPath = /bin/sh;
			shellScript = "\"${SRCROOT}/Pods/Target Support Files/Pods-Menu-NavigationTests/Pods-Menu-NavigationTests-resources.sh\"\n";
			showEnvVarsInLog = 0;
		};
		3A90C70266F9785A5E096F0E /* [CP] Copy Pods Resources */ = {
			isa = PBXShellScriptBuildPhase;
			buildActionMask = 2147483647;
			files = (
			);
			inputPaths = (
			);
			name = "[CP] Copy Pods Resources";
			outputPaths = (
			);
			runOnlyForDeploymentPostprocessing = 0;
			shellPath = /bin/sh;
			shellScript = "\"${SRCROOT}/Pods/Target Support Files/Pods-Menu-Navigation/Pods-Menu-Navigation-resources.sh\"\n";
			showEnvVarsInLog = 0;
		};
		3ECF7AE494C5548A52D26CDB /* [CP] Embed Pods Frameworks */ = {
			isa = PBXShellScriptBuildPhase;
			buildActionMask = 2147483647;
			files = (
			);
			inputPaths = (
			);
			name = "[CP] Embed Pods Frameworks";
			outputPaths = (
			);
			runOnlyForDeploymentPostprocessing = 0;
			shellPath = /bin/sh;
			shellScript = "\"${SRCROOT}/Pods/Target Support Files/Pods-Menu-NavigationUITests/Pods-Menu-NavigationUITests-frameworks.sh\"\n";
			showEnvVarsInLog = 0;
		};
		60CBD1D0E8956C35A016513C /* [CP] Check Pods Manifest.lock */ = {
			isa = PBXShellScriptBuildPhase;
			buildActionMask = 2147483647;
			files = (
			);
			inputPaths = (
				"${PODS_PODFILE_DIR_PATH}/Podfile.lock",
				"${PODS_ROOT}/Manifest.lock",
			);
			name = "[CP] Check Pods Manifest.lock";
			outputPaths = (
				"$(DERIVED_FILE_DIR)/Pods-Menu-NavigationUITests-checkManifestLockResult.txt",
			);
			runOnlyForDeploymentPostprocessing = 0;
			shellPath = /bin/sh;
			shellScript = "diff \"${PODS_PODFILE_DIR_PATH}/Podfile.lock\" \"${PODS_ROOT}/Manifest.lock\" > /dev/null\nif [ $? != 0 ] ; then\n    # print error to STDERR\n    echo \"error: The sandbox is not in sync with the Podfile.lock. Run 'pod install' or update your CocoaPods installation.\" >&2\n    exit 1\nfi\n# This output is used by Xcode 'outputs' to avoid re-running this script phase.\necho \"SUCCESS\" > \"${SCRIPT_OUTPUT_FILE_0}\"\n";
			showEnvVarsInLog = 0;
		};
		64C9EAF4EDA8A5349C520F77 /* [CP] Embed Pods Frameworks */ = {
			isa = PBXShellScriptBuildPhase;
			buildActionMask = 2147483647;
			files = (
			);
			inputPaths = (
			);
			name = "[CP] Embed Pods Frameworks";
			outputPaths = (
			);
			runOnlyForDeploymentPostprocessing = 0;
			shellPath = /bin/sh;
			shellScript = "\"${SRCROOT}/Pods/Target Support Files/Pods-Menu-NavigationTests/Pods-Menu-NavigationTests-frameworks.sh\"\n";
			showEnvVarsInLog = 0;
		};
		CF236D62BEB6605C5148E654 /* [CP] Check Pods Manifest.lock */ = {
			isa = PBXShellScriptBuildPhase;
			buildActionMask = 2147483647;
			files = (
			);
			inputPaths = (
				"${PODS_PODFILE_DIR_PATH}/Podfile.lock",
				"${PODS_ROOT}/Manifest.lock",
			);
			name = "[CP] Check Pods Manifest.lock";
			outputPaths = (
				"$(DERIVED_FILE_DIR)/Pods-Menu-NavigationTests-checkManifestLockResult.txt",
			);
			runOnlyForDeploymentPostprocessing = 0;
			shellPath = /bin/sh;
			shellScript = "diff \"${PODS_PODFILE_DIR_PATH}/Podfile.lock\" \"${PODS_ROOT}/Manifest.lock\" > /dev/null\nif [ $? != 0 ] ; then\n    # print error to STDERR\n    echo \"error: The sandbox is not in sync with the Podfile.lock. Run 'pod install' or update your CocoaPods installation.\" >&2\n    exit 1\nfi\n# This output is used by Xcode 'outputs' to avoid re-running this script phase.\necho \"SUCCESS\" > \"${SCRIPT_OUTPUT_FILE_0}\"\n";
			showEnvVarsInLog = 0;
		};
		DC10928566FC047EDDB2A884 /* [CP] Check Pods Manifest.lock */ = {
			isa = PBXShellScriptBuildPhase;
			buildActionMask = 2147483647;
			files = (
			);
			inputPaths = (
				"${PODS_PODFILE_DIR_PATH}/Podfile.lock",
				"${PODS_ROOT}/Manifest.lock",
			);
			name = "[CP] Check Pods Manifest.lock";
			outputPaths = (
				"$(DERIVED_FILE_DIR)/Pods-Menu-Navigation-checkManifestLockResult.txt",
			);
			runOnlyForDeploymentPostprocessing = 0;
			shellPath = /bin/sh;
			shellScript = "diff \"${PODS_PODFILE_DIR_PATH}/Podfile.lock\" \"${PODS_ROOT}/Manifest.lock\" > /dev/null\nif [ $? != 0 ] ; then\n    # print error to STDERR\n    echo \"error: The sandbox is not in sync with the Podfile.lock. Run 'pod install' or update your CocoaPods installation.\" >&2\n    exit 1\nfi\n# This output is used by Xcode 'outputs' to avoid re-running this script phase.\necho \"SUCCESS\" > \"${SCRIPT_OUTPUT_FILE_0}\"\n";
			showEnvVarsInLog = 0;
		};
		E28CA37D1AAD1045C14704C2 /* [CP] Copy Pods Resources */ = {
			isa = PBXShellScriptBuildPhase;
			buildActionMask = 2147483647;
			files = (
			);
			inputPaths = (
			);
			name = "[CP] Copy Pods Resources";
			outputPaths = (
			);
			runOnlyForDeploymentPostprocessing = 0;
			shellPath = /bin/sh;
			shellScript = "\"${SRCROOT}/Pods/Target Support Files/Pods-Menu-NavigationUITests/Pods-Menu-NavigationUITests-resources.sh\"\n";
			showEnvVarsInLog = 0;
		};
		ED88EAC21FD69C4C00693F7A /* SwiftLint Run Script */ = {
			isa = PBXShellScriptBuildPhase;
			buildActionMask = 2147483647;
			files = (
			);
			inputPaths = (
			);
			name = "SwiftLint Run Script";
			outputPaths = (
			);
			runOnlyForDeploymentPostprocessing = 0;
			shellPath = /bin/sh;
			shellScript = "\"${PODS_ROOT}/SwiftLint/swiftlint\"";
		};
/* End PBXShellScriptBuildPhase section */

/* Begin PBXSourcesBuildPhase section */
		EDCDAE7B1FD68DFF003ED053 /* Sources */ = {
			isa = PBXSourcesBuildPhase;
			buildActionMask = 2147483647;
			files = (
				EDCDAE851FD68DFF003ED053 /* MenuNavigationController.swift in Sources */,
				EDCDAE831FD68DFF003ED053 /* AppDelegate.swift in Sources */,
			);
			runOnlyForDeploymentPostprocessing = 0;
		};
		EDCDAE8F1FD68DFF003ED053 /* Sources */ = {
			isa = PBXSourcesBuildPhase;
			buildActionMask = 2147483647;
			files = (
			);
			runOnlyForDeploymentPostprocessing = 0;
		};
		EDCDAE9A1FD68DFF003ED053 /* Sources */ = {
			isa = PBXSourcesBuildPhase;
			buildActionMask = 2147483647;
			files = (
			);
			runOnlyForDeploymentPostprocessing = 0;
		};
/* End PBXSourcesBuildPhase section */

/* Begin PBXTargetDependency section */
		EDCDAE951FD68DFF003ED053 /* PBXTargetDependency */ = {
			isa = PBXTargetDependency;
			target = EDCDAE7E1FD68DFF003ED053 /* Menu-Navigation */;
			targetProxy = EDCDAE941FD68DFF003ED053 /* PBXContainerItemProxy */;
		};
		EDCDAEA01FD68DFF003ED053 /* PBXTargetDependency */ = {
			isa = PBXTargetDependency;
			target = EDCDAE7E1FD68DFF003ED053 /* Menu-Navigation */;
			targetProxy = EDCDAE9F1FD68DFF003ED053 /* PBXContainerItemProxy */;
		};
/* End PBXTargetDependency section */

/* Begin PBXVariantGroup section */
		EDCDAE861FD68DFF003ED053 /* Main.storyboard */ = {
			isa = PBXVariantGroup;
			children = (
				EDCDAE871FD68DFF003ED053 /* Base */,
			);
			name = Main.storyboard;
			sourceTree = "<group>";
		};
		EDCDAE8B1FD68DFF003ED053 /* LaunchScreen.storyboard */ = {
			isa = PBXVariantGroup;
			children = (
				EDCDAE8C1FD68DFF003ED053 /* Base */,
			);
			name = LaunchScreen.storyboard;
			sourceTree = "<group>";
		};
/* End PBXVariantGroup section */

/* Begin XCBuildConfiguration section */
		EDCDAEA51FD68DFF003ED053 /* Debug */ = {
			isa = XCBuildConfiguration;
			buildSettings = {
				ALWAYS_SEARCH_USER_PATHS = NO;
				CLANG_ANALYZER_NONNULL = YES;
				CLANG_ANALYZER_NUMBER_OBJECT_CONVERSION = YES_AGGRESSIVE;
				CLANG_CXX_LANGUAGE_STANDARD = "gnu++14";
				CLANG_CXX_LIBRARY = "libc++";
				CLANG_ENABLE_MODULES = YES;
				CLANG_ENABLE_OBJC_ARC = YES;
				CLANG_WARN_BLOCK_CAPTURE_AUTORELEASING = YES;
				CLANG_WARN_BOOL_CONVERSION = YES;
				CLANG_WARN_COMMA = YES;
				CLANG_WARN_CONSTANT_CONVERSION = YES;
				CLANG_WARN_DIRECT_OBJC_ISA_USAGE = YES_ERROR;
				CLANG_WARN_DOCUMENTATION_COMMENTS = YES;
				CLANG_WARN_EMPTY_BODY = YES;
				CLANG_WARN_ENUM_CONVERSION = YES;
				CLANG_WARN_INFINITE_RECURSION = YES;
				CLANG_WARN_INT_CONVERSION = YES;
				CLANG_WARN_NON_LITERAL_NULL_CONVERSION = YES;
				CLANG_WARN_OBJC_LITERAL_CONVERSION = YES;
				CLANG_WARN_OBJC_ROOT_CLASS = YES_ERROR;
				CLANG_WARN_RANGE_LOOP_ANALYSIS = YES;
				CLANG_WARN_STRICT_PROTOTYPES = YES;
				CLANG_WARN_SUSPICIOUS_MOVE = YES;
				CLANG_WARN_UNGUARDED_AVAILABILITY = YES_AGGRESSIVE;
				CLANG_WARN_UNREACHABLE_CODE = YES;
				CLANG_WARN__DUPLICATE_METHOD_MATCH = YES;
				CODE_SIGN_IDENTITY = "iPhone Developer";
				COPY_PHASE_STRIP = NO;
				DEBUG_INFORMATION_FORMAT = dwarf;
				ENABLE_STRICT_OBJC_MSGSEND = YES;
				ENABLE_TESTABILITY = YES;
				GCC_C_LANGUAGE_STANDARD = gnu11;
				GCC_DYNAMIC_NO_PIC = NO;
				GCC_NO_COMMON_BLOCKS = YES;
				GCC_OPTIMIZATION_LEVEL = 0;
				GCC_PREPROCESSOR_DEFINITIONS = (
					"DEBUG=1",
					"$(inherited)",
				);
				GCC_WARN_64_TO_32_BIT_CONVERSION = YES;
				GCC_WARN_ABOUT_RETURN_TYPE = YES_ERROR;
				GCC_WARN_UNDECLARED_SELECTOR = YES;
				GCC_WARN_UNINITIALIZED_AUTOS = YES_AGGRESSIVE;
				GCC_WARN_UNUSED_FUNCTION = YES;
				GCC_WARN_UNUSED_VARIABLE = YES;
				IPHONEOS_DEPLOYMENT_TARGET = 11.0;
				MTL_ENABLE_DEBUG_INFO = YES;
				ONLY_ACTIVE_ARCH = YES;
				SDKROOT = iphoneos;
				SWIFT_ACTIVE_COMPILATION_CONDITIONS = DEBUG;
				SWIFT_OPTIMIZATION_LEVEL = "-Onone";
			};
			name = Debug;
		};
		EDCDAEA61FD68DFF003ED053 /* Release */ = {
			isa = XCBuildConfiguration;
			buildSettings = {
				ALWAYS_SEARCH_USER_PATHS = NO;
				CLANG_ANALYZER_NONNULL = YES;
				CLANG_ANALYZER_NUMBER_OBJECT_CONVERSION = YES_AGGRESSIVE;
				CLANG_CXX_LANGUAGE_STANDARD = "gnu++14";
				CLANG_CXX_LIBRARY = "libc++";
				CLANG_ENABLE_MODULES = YES;
				CLANG_ENABLE_OBJC_ARC = YES;
				CLANG_WARN_BLOCK_CAPTURE_AUTORELEASING = YES;
				CLANG_WARN_BOOL_CONVERSION = YES;
				CLANG_WARN_COMMA = YES;
				CLANG_WARN_CONSTANT_CONVERSION = YES;
				CLANG_WARN_DIRECT_OBJC_ISA_USAGE = YES_ERROR;
				CLANG_WARN_DOCUMENTATION_COMMENTS = YES;
				CLANG_WARN_EMPTY_BODY = YES;
				CLANG_WARN_ENUM_CONVERSION = YES;
				CLANG_WARN_INFINITE_RECURSION = YES;
				CLANG_WARN_INT_CONVERSION = YES;
				CLANG_WARN_NON_LITERAL_NULL_CONVERSION = YES;
				CLANG_WARN_OBJC_LITERAL_CONVERSION = YES;
				CLANG_WARN_OBJC_ROOT_CLASS = YES_ERROR;
				CLANG_WARN_RANGE_LOOP_ANALYSIS = YES;
				CLANG_WARN_STRICT_PROTOTYPES = YES;
				CLANG_WARN_SUSPICIOUS_MOVE = YES;
				CLANG_WARN_UNGUARDED_AVAILABILITY = YES_AGGRESSIVE;
				CLANG_WARN_UNREACHABLE_CODE = YES;
				CLANG_WARN__DUPLICATE_METHOD_MATCH = YES;
				CODE_SIGN_IDENTITY = "iPhone Developer";
				COPY_PHASE_STRIP = NO;
				DEBUG_INFORMATION_FORMAT = "dwarf-with-dsym";
				ENABLE_NS_ASSERTIONS = NO;
				ENABLE_STRICT_OBJC_MSGSEND = YES;
				GCC_C_LANGUAGE_STANDARD = gnu11;
				GCC_NO_COMMON_BLOCKS = YES;
				GCC_WARN_64_TO_32_BIT_CONVERSION = YES;
				GCC_WARN_ABOUT_RETURN_TYPE = YES_ERROR;
				GCC_WARN_UNDECLARED_SELECTOR = YES;
				GCC_WARN_UNINITIALIZED_AUTOS = YES_AGGRESSIVE;
				GCC_WARN_UNUSED_FUNCTION = YES;
				GCC_WARN_UNUSED_VARIABLE = YES;
				IPHONEOS_DEPLOYMENT_TARGET = 11.0;
				MTL_ENABLE_DEBUG_INFO = NO;
				SDKROOT = iphoneos;
				SWIFT_OPTIMIZATION_LEVEL = "-Owholemodule";
				VALIDATE_PRODUCT = YES;
			};
			name = Release;
		};
		EDCDAEA81FD68DFF003ED053 /* Debug */ = {
			isa = XCBuildConfiguration;
			baseConfigurationReference = 96CA3B2C63D1CDEF001A0B5D /* Pods-Menu-Navigation.debug.xcconfig */;
			buildSettings = {
				ASSETCATALOG_COMPILER_APPICON_NAME = AppIcon;
				CODE_SIGN_STYLE = Automatic;
				INFOPLIST_FILE = "Menu-Navigation/Info.plist";
				IPHONEOS_DEPLOYMENT_TARGET = 11.0;
				LD_RUNPATH_SEARCH_PATHS = "$(inherited) @executable_path/Frameworks";
				PRODUCT_BUNDLE_IDENTIFIER = "za.co.dvt.Menu-Navigation";
				PRODUCT_NAME = "$(TARGET_NAME)";
				SWIFT_VERSION = 4.0;
				TARGETED_DEVICE_FAMILY = "1,2";
			};
			name = Debug;
		};
		EDCDAEA91FD68DFF003ED053 /* Release */ = {
			isa = XCBuildConfiguration;
			baseConfigurationReference = 2C336D7F3B99A7753D5F2C78 /* Pods-Menu-Navigation.release.xcconfig */;
			buildSettings = {
				ASSETCATALOG_COMPILER_APPICON_NAME = AppIcon;
				CODE_SIGN_STYLE = Automatic;
				INFOPLIST_FILE = "Menu-Navigation/Info.plist";
				IPHONEOS_DEPLOYMENT_TARGET = 11.0;
				LD_RUNPATH_SEARCH_PATHS = "$(inherited) @executable_path/Frameworks";
				PRODUCT_BUNDLE_IDENTIFIER = "za.co.dvt.Menu-Navigation";
				PRODUCT_NAME = "$(TARGET_NAME)";
				SWIFT_VERSION = 4.0;
				TARGETED_DEVICE_FAMILY = "1,2";
			};
			name = Release;
		};
		EDCDAEAB1FD68DFF003ED053 /* Debug */ = {
			isa = XCBuildConfiguration;
			baseConfigurationReference = 83A4567B4CFC881FB0DFFFF6 /* Pods-Menu-NavigationTests.debug.xcconfig */;
			buildSettings = {
				ALWAYS_EMBED_SWIFT_STANDARD_LIBRARIES = YES;
				BUNDLE_LOADER = "$(TEST_HOST)";
				CODE_SIGN_STYLE = Automatic;
				INFOPLIST_FILE = "Menu-NavigationTests/Info.plist";
				LD_RUNPATH_SEARCH_PATHS = "$(inherited) @executable_path/Frameworks @loader_path/Frameworks";
				PRODUCT_BUNDLE_IDENTIFIER = "za.co.dvt.Menu-NavigationTests";
				PRODUCT_NAME = "$(TARGET_NAME)";
				SWIFT_VERSION = 4.0;
				TARGETED_DEVICE_FAMILY = "1,2";
				TEST_HOST = "$(BUILT_PRODUCTS_DIR)/Menu-Navigation.app/Menu-Navigation";
			};
			name = Debug;
		};
		EDCDAEAC1FD68DFF003ED053 /* Release */ = {
			isa = XCBuildConfiguration;
			baseConfigurationReference = 99A14072D780EAF4AE9BF478 /* Pods-Menu-NavigationTests.release.xcconfig */;
			buildSettings = {
				ALWAYS_EMBED_SWIFT_STANDARD_LIBRARIES = YES;
				BUNDLE_LOADER = "$(TEST_HOST)";
				CODE_SIGN_STYLE = Automatic;
				INFOPLIST_FILE = "Menu-NavigationTests/Info.plist";
				LD_RUNPATH_SEARCH_PATHS = "$(inherited) @executable_path/Frameworks @loader_path/Frameworks";
				PRODUCT_BUNDLE_IDENTIFIER = "za.co.dvt.Menu-NavigationTests";
				PRODUCT_NAME = "$(TARGET_NAME)";
				SWIFT_VERSION = 4.0;
				TARGETED_DEVICE_FAMILY = "1,2";
				TEST_HOST = "$(BUILT_PRODUCTS_DIR)/Menu-Navigation.app/Menu-Navigation";
			};
			name = Release;
		};
		EDCDAEAE1FD68DFF003ED053 /* Debug */ = {
			isa = XCBuildConfiguration;
			baseConfigurationReference = 614DFE227F5A5C24AE07D104 /* Pods-Menu-NavigationUITests.debug.xcconfig */;
			buildSettings = {
				ALWAYS_EMBED_SWIFT_STANDARD_LIBRARIES = YES;
				CODE_SIGN_STYLE = Automatic;
				INFOPLIST_FILE = "Menu-NavigationUITests/Info.plist";
				LD_RUNPATH_SEARCH_PATHS = "$(inherited) @executable_path/Frameworks @loader_path/Frameworks";
				PRODUCT_BUNDLE_IDENTIFIER = "za.co.dvt.Menu-NavigationUITests";
				PRODUCT_NAME = "$(TARGET_NAME)";
				SWIFT_VERSION = 4.0;
				TARGETED_DEVICE_FAMILY = "1,2";
				TEST_TARGET_NAME = "Menu-Navigation";
			};
			name = Debug;
		};
		EDCDAEAF1FD68DFF003ED053 /* Release */ = {
			isa = XCBuildConfiguration;
			baseConfigurationReference = EDDD5249A031771A1F64A8E0 /* Pods-Menu-NavigationUITests.release.xcconfig */;
			buildSettings = {
				ALWAYS_EMBED_SWIFT_STANDARD_LIBRARIES = YES;
				CODE_SIGN_STYLE = Automatic;
				INFOPLIST_FILE = "Menu-NavigationUITests/Info.plist";
				LD_RUNPATH_SEARCH_PATHS = "$(inherited) @executable_path/Frameworks @loader_path/Frameworks";
				PRODUCT_BUNDLE_IDENTIFIER = "za.co.dvt.Menu-NavigationUITests";
				PRODUCT_NAME = "$(TARGET_NAME)";
				SWIFT_VERSION = 4.0;
				TARGETED_DEVICE_FAMILY = "1,2";
				TEST_TARGET_NAME = "Menu-Navigation";
			};
			name = Release;
		};
/* End XCBuildConfiguration section */

/* Begin XCConfigurationList section */
		EDCDAE7A1FD68DFF003ED053 /* Build configuration list for PBXProject "Menu-Navigation" */ = {
			isa = XCConfigurationList;
			buildConfigurations = (
				EDCDAEA51FD68DFF003ED053 /* Debug */,
				EDCDAEA61FD68DFF003ED053 /* Release */,
			);
			defaultConfigurationIsVisible = 0;
			defaultConfigurationName = Release;
		};
		EDCDAEA71FD68DFF003ED053 /* Build configuration list for PBXNativeTarget "Menu-Navigation" */ = {
			isa = XCConfigurationList;
			buildConfigurations = (
				EDCDAEA81FD68DFF003ED053 /* Debug */,
				EDCDAEA91FD68DFF003ED053 /* Release */,
			);
			defaultConfigurationIsVisible = 0;
			defaultConfigurationName = Release;
		};
		EDCDAEAA1FD68DFF003ED053 /* Build configuration list for PBXNativeTarget "Menu-NavigationTests" */ = {
			isa = XCConfigurationList;
			buildConfigurations = (
				EDCDAEAB1FD68DFF003ED053 /* Debug */,
				EDCDAEAC1FD68DFF003ED053 /* Release */,
			);
			defaultConfigurationIsVisible = 0;
			defaultConfigurationName = Release;
		};
		EDCDAEAD1FD68DFF003ED053 /* Build configuration list for PBXNativeTarget "Menu-NavigationUITests" */ = {
			isa = XCConfigurationList;
			buildConfigurations = (
				EDCDAEAE1FD68DFF003ED053 /* Debug */,
				EDCDAEAF1FD68DFF003ED053 /* Release */,
			);
			defaultConfigurationIsVisible = 0;
			defaultConfigurationName = Release;
		};
/* End XCConfigurationList section */
	};
	rootObject = EDCDAE771FD68DFF003ED053 /* Project object */;
}
